{
  "requires": true,
  "lockfileVersion": 1,
  "dependencies": {
    "es6-promise": {
      "version": "4.2.4",
      "resolved": "https://registry.npmjs.org/es6-promise/-/es6-promise-4.2.4.tgz",
      "integrity": "sha512-/NdNZVJg+uZgtm9eS3O6lrOLYmQag2DjdEXuPaHlZ6RuVqgqaVZfgYCepEIKsLqwdQArOPtC3XzRLqGGfT8KQQ=="
    },
    "pdf-image": {
      "version": "2.0.0",
      "resolved": "https://registry.npmjs.org/pdf-image/-/pdf-image-2.0.0.tgz",
      "integrity": "sha512-RyB8f/Khw8wZt2xXGWtQu/5ZyKl4pzNSi9/dnYNJOuGnxRiZvmUVmz6xmG6Xts53k8ZZaOBjDwoT4jjAVzIoPQ==",
      "requires": {
        "es6-promise": "4.2.4"
      }
    },
    "pngjs": {
      "version": "3.3.3",
      "resolved": "https://registry.npmjs.org/pngjs/-/pngjs-3.3.3.tgz",
      "integrity": "sha512-1n3Z4p3IOxArEs1VRXnZ/RXdfEniAUS9jb68g58FIXMNkPJeZd+Qh4Uq7/e0LVxAQGos1eIUrqrt4FpjdnEd+Q=="
    }
  }
}
